PODS:
  - Alamofire (5.4.1)
  - HelperKit (1.0.7)
  - Kingfisher (6.0.1)
  - NVActivityIndicatorView (5.1.1):
    - NVActivityIndicatorView/Base (= 5.1.1)
  - NVActivityIndicatorView/Base (5.1.1)
  - Realm (10.5.1):
    - Realm/Headers (= 10.5.1)
  - Realm/Headers (10.5.1)
  - RealmSwift (10.5.1):
    - Realm (= 10.5.1)
  - SVPullToRefresh (0.4.1)
  - Swiftools (1.0.4)

DEPENDENCIES:
  - Alamofire
  - HelperKit (from `https://github.com/Jiliann143/helperkit.git`)
  - Kingfisher
  - NVActivityIndicatorView
  - RealmSwift
  - SVPullToRefresh
  - Swiftools (from `https://github.com/Jiliann143/swiftools.git`)

SPEC REPOS:
  trunk:
    - Alamofire
    - Kingfisher
    - NVActivityIndicatorView
    - Realm
    - RealmSwift
    - SVPullToRefresh

EXTERNAL SOURCES:
  HelperKit:
    :git: https://github.com/Jiliann143/helperkit.git
  Swiftools:
    :git: https://github.com/Jiliann143/swiftools.git

CHECKOUT OPTIONS:
  HelperKit:
    :commit: f31ec5c975f6c5d4e3e14f81178dd3fbdc642d90
    :git: https://github.com/Jiliann143/helperkit.git
  Swiftools:
    :commit: d1ab258271f082d8e4f36962b64d3af2ccee705f
    :git: https://github.com/Jiliann143/swiftools.git

SPEC CHECKSUMS:
  Alamofire: 2291f7d21ca607c491dd17642e5d40fdcda0e65c
  HelperKit: 8cabfb460f2901dd365a95467dd062762879a810
  Kingfisher: adde87a4f74f6a3845395769354efff593581740
  NVActivityIndicatorView: 1f6c5687f1171810aa27a3296814dc2d7dec3667
  Realm: 77fcb4e0b9f2963ea06f584749a0d7dc9cab95e1
  RealmSwift: 6abe6aa6cd8b70cc1a87afcb9232cabea74ff1ac
  SVPullToRefresh: ba2e718695a43253d8bea6852d2960097dc15d8c
  Swiftools: 3ac370c0cfce991463f53806f703fac4f689ac28

PODFILE CHECKSUM: 9ab62099a01353dfe81d9647659311ddac31b6c6

COCOAPODS: 1.10.1
