PODS:
  - Alamofire (5.0.2)
  - Kingfisher (5.13.2):
    - Kingfisher/Core (= 5.13.2)
  - Kingfisher/Core (5.13.2)
  - NVActivityIndicatorView (4.8.0):
    - NVActivityIndicatorView/Presenter (= 4.8.0)
  - NVActivityIndicatorView/Presenter (4.8.0)
  - Realm (4.3.2):
    - Realm/Headers (= 4.3.2)
  - Realm/Headers (4.3.2)
  - RealmSwift (4.3.2):
    - Realm (= 4.3.2)
  - SVPullToRefresh (0.4.1)
  - Swiftools (1.0.0)

DEPENDENCIES:
  - Alamofire
  - Kingfisher
  - NVActivityIndicatorView
  - RealmSwift
  - SVPullToRefresh
  - Swiftools (from `https://github.com/Jiliann143/swiftools.git`)

SPEC REPOS:
  trunk:
    - Alamofire
    - Kingfisher
    - NVActivityIndicatorView
    - Realm
    - RealmSwift
    - SVPullToRefresh

EXTERNAL SOURCES:
  Swiftools:
    :git: https://github.com/Jiliann143/swiftools.git

CHECKOUT OPTIONS:
  Swiftools:
    :commit: 0bedc0d3e43026ca0ee861798f94a9dbd186f85e
    :git: https://github.com/Jiliann143/swiftools.git

SPEC CHECKSUMS:
  Alamofire: 3ba7a4db18b4f62c4a1c0e1cb39d7f3d52e10ada
  Kingfisher: d342c8354c10c3d85a27d6d4c42c41285924b898
  NVActivityIndicatorView: d24b7ebcf80af5dcd994adb650e2b6c93379270f
  Realm: 5e92902e2875dff4bb0fd02f67bb737c3d5db2bc
  RealmSwift: 9a360fc7bae04fc2e308a34fbd899d5faa2d6b22
  SVPullToRefresh: ba2e718695a43253d8bea6852d2960097dc15d8c
  Swiftools: 7c6881f933e99b32ef59a9f0390e09f381b434a0

PODFILE CHECKSUM: 32745c317e2308039fb80111c37ec2e534ef7918

COCOAPODS: 1.9.1
